
Microsoft Visual Studio Solution File, Format Version 12.00
# Visual Studio Version 17
VisualStudioVersion = 17.1.32210.238
MinimumVisualStudioVersion = 10.0.40219.1
Project("{9A19103F-16F7-4668-BE54-9A1E7A4F7556}") = "ToolWorkshop", "ToolWorkshop\ToolWorkshop.csproj", "{8DADC11A-0B4A-4CBE-B90E-4504E2A3575A}"
EndProject
Global
	GlobalSection(SolutionConfigurationPlatforms) = preSolution
		Debug|Any CPU = Debug|Any CPU
		Release|Any CPU = Release|Any CPU
	EndGlobalSection
	GlobalSection(ProjectConfigurationPlatforms) = postSolution
		{8DADC11A-0B4A-4CBE-B90E-4504E2A3575A}.Debug|Any CPU.ActiveCfg = Debug|Any CPU
		{8DADC11A-0B4A-4CBE-B90E-4504E2A3575A}.Debug|Any CPU.Build.0 = Debug|Any CPU
		{8DADC11A-0B4A-4CBE-B90E-4504E2A3575A}.Release|Any CPU.ActiveCfg = Release|Any CPU
		{8DADC11A-0B4A-4CBE-B90E-4504E2A3575A}.Release|Any CPU.Build.0 = Release|Any CPU
	EndGlobalSection
	GlobalSection(SolutionProperties) = preSolution
		HideSolutionNode = FALSE
	EndGlobalSection
	GlobalSection(ExtensibilityGlobals) = postSolution
		SolutionGuid = {C3FF3052-5D2D-42F6-B959-F982AD171439}
	EndGlobalSection
EndGlobal
